
Microsoft Visual Studio Solution File, Format Version 12.00
# Visual Studio 15
VisualStudioVersion = 15.0.27130.2036
MinimumVisualStudioVersion = 10.0.40219.1
Project("{FAE04EC0-301F-11D3-BF4B-00C04F79EFBC}") = "ilkproje01", "ilkproje01\ilkproje01.csproj", "{553E9C97-413F-4A24-94E5-CF2C3A63C92F}"
EndProject
Global
	GlobalSection(SolutionConfigurationPlatforms) = preSolution
		Debug|Any CPU = Debug|Any CPU
		Release|Any CPU = Release|Any CPU
	EndGlobalSection
	GlobalSection(ProjectConfigurationPlatforms) = postSolution
		{553E9C97-413F-4A24-94E5-CF2C3A63C92F}.Debug|Any CPU.ActiveCfg = Debug|Any CPU
		{553E9C97-413F-4A24-94E5-CF2C3A63C92F}.Debug|Any CPU.Build.0 = Debug|Any CPU
		{553E9C97-413F-4A24-94E5-CF2C3A63C92F}.Release|Any CPU.ActiveCfg = Release|Any CPU
		{553E9C97-413F-4A24-94E5-CF2C3A63C92F}.Release|Any CPU.Build.0 = Release|Any CPU
	EndGlobalSection
	GlobalSection(SolutionProperties) = preSolution
		HideSolutionNode = FALSE
	EndGlobalSection
	GlobalSection(ExtensibilityGlobals) = postSolution
		SolutionGuid = {D5506EFA-3BDC-440C-BAE1-C80B20ED604C}
	EndGlobalSection
EndGlobal
